// !$*UTF8*$!
{
	archiveVersion = 1;
	classes = {
	};
	objectVersion = 56;
	objects = {

/* Begin PBXBuildFile section */
		133F7CE53A29E1B2F78EDBBE /* Pods_MovieAppTaskTests.framework in Frameworks */ = {isa = PBXBuildFile; fileRef = DAF62C48BD130EDF4928B09F /* Pods_MovieAppTaskTests.framework */; };
		19892D5B740A89B3D1798403 /* Pods_MovieAppTask_MovieAppTaskUITests.framework in Frameworks */ = {isa = PBXBuildFile; fileRef = 08C3169DA8B51BD886A48F65 /* Pods_MovieAppTask_MovieAppTaskUITests.framework */; };
		9B36E80F2C52F71A0075B5F8 /* MovieListViewModel.swift in Sources */ = {isa = PBXBuildFile; fileRef = 9B36E80E2C52F71A0075B5F8 /* MovieListViewModel.swift */; };
		9B36E8112C52FCD60075B5F8 /* MovieListResponseModel.swift in Sources */ = {isa = PBXBuildFile; fileRef = 9B36E8102C52FCD60075B5F8 /* MovieListResponseModel.swift */; };
		9B3DE4A42C53E2CC0002BEF3 /* Extensions.swift in Sources */ = {isa = PBXBuildFile; fileRef = 9B3DE4A32C53E2CC0002BEF3 /* Extensions.swift */; };
		9B3DE4A62C53E6A50002BEF3 /* NetworkConnectivity.swift in Sources */ = {isa = PBXBuildFile; fileRef = 9B3DE4A52C53E6A50002BEF3 /* NetworkConnectivity.swift */; };
		9B3DE4A92C53E6FA0002BEF3 /* BaseViewController.swift in Sources */ = {isa = PBXBuildFile; fileRef = 9B3DE4A82C53E6FA0002BEF3 /* BaseViewController.swift */; };
		9B3DE4AB2C53E7BD0002BEF3 /* CustomAlerts.swift in Sources */ = {isa = PBXBuildFile; fileRef = 9B3DE4AA2C53E7BD0002BEF3 /* CustomAlerts.swift */; };
		9B3DE4AF2C53EC1D0002BEF3 /* MovieDetailsScreen.swift in Sources */ = {isa = PBXBuildFile; fileRef = 9B3DE4AE2C53EC1D0002BEF3 /* MovieDetailsScreen.swift */; };
		9B3DE4B22C53EC2E0002BEF3 /* MovieDetailsViewModel.swift in Sources */ = {isa = PBXBuildFile; fileRef = 9B3DE4B12C53EC2E0002BEF3 /* MovieDetailsViewModel.swift */; };
		9B3DE4B92C53ED1D0002BEF3 /* BaseUseCase.swift in Sources */ = {isa = PBXBuildFile; fileRef = 9B3DE4B82C53ED1D0002BEF3 /* BaseUseCase.swift */; };
		9B3DE4BB2C53ED470002BEF3 /* fetchMoviesUseCase.swift in Sources */ = {isa = PBXBuildFile; fileRef = 9B3DE4BA2C53ED470002BEF3 /* fetchMoviesUseCase.swift */; };
		9B3DE4BD2C53ED600002BEF3 /* fetchMovieDetailsUseCase.swift in Sources */ = {isa = PBXBuildFile; fileRef = 9B3DE4BC2C53ED600002BEF3 /* fetchMovieDetailsUseCase.swift */; };
		9B46C8722C5436B800323817 /* GenresCollectionCell.swift in Sources */ = {isa = PBXBuildFile; fileRef = 9B46C8712C5436B800323817 /* GenresCollectionCell.swift */; };
		9B8153522C5220DA0072283D /* AppDelegate.swift in Sources */ = {isa = PBXBuildFile; fileRef = 9B8153512C5220DA0072283D /* AppDelegate.swift */; };
		9B8153542C5220DA0072283D /* SceneDelegate.swift in Sources */ = {isa = PBXBuildFile; fileRef = 9B8153532C5220DA0072283D /* SceneDelegate.swift */; };
		9B8153592C5220DA0072283D /* Base in Resources */ = {isa = PBXBuildFile; fileRef = 9B8153582C5220DA0072283D /* Base */; };
		9B81535B2C5220DD0072283D /* Assets.xcassets in Resources */ = {isa = PBXBuildFile; fileRef = 9B81535A2C5220DD0072283D /* Assets.xcassets */; };
		9B81535E2C5220DD0072283D /* Base in Resources */ = {isa = PBXBuildFile; fileRef = 9B81535D2C5220DD0072283D /* Base */; };
		9B8153692C5220DE0072283D /* MovieAppTaskTests.swift in Sources */ = {isa = PBXBuildFile; fileRef = 9B8153682C5220DE0072283D /* MovieAppTaskTests.swift */; };
		9B8153732C5220DE0072283D /* MovieAppTaskUITests.swift in Sources */ = {isa = PBXBuildFile; fileRef = 9B8153722C5220DE0072283D /* MovieAppTaskUITests.swift */; };
		9B8153752C5220DE0072283D /* MovieAppTaskUITestsLaunchTests.swift in Sources */ = {isa = PBXBuildFile; fileRef = 9B8153742C5220DE0072283D /* MovieAppTaskUITestsLaunchTests.swift */; };
		9B81538B2C5225C80072283D /* MovieListVC.swift in Sources */ = {isa = PBXBuildFile; fileRef = 9B81538A2C5225C80072283D /* MovieListVC.swift */; };
		9B81538D2C522A5E0072283D /* MovieTableViewCell.swift in Sources */ = {isa = PBXBuildFile; fileRef = 9B81538C2C522A5E0072283D /* MovieTableViewCell.swift */; };
		9B8153902C5231DD0072283D /* MovieModel.swift in Sources */ = {isa = PBXBuildFile; fileRef = 9B81538F2C5231DD0072283D /* MovieModel.swift */; };
		9B8153932C5234950072283D /* Constants.swift in Sources */ = {isa = PBXBuildFile; fileRef = 9B8153922C5234950072283D /* Constants.swift */; };
		9B8153962C5245AE0072283D /* NetworkManager.swift in Sources */ = {isa = PBXBuildFile; fileRef = 9B8153952C5245AE0072283D /* NetworkManager.swift */; };
		9B8153982C524AF90072283D /* API_Enum.swift in Sources */ = {isa = PBXBuildFile; fileRef = 9B8153972C524AF90072283D /* API_Enum.swift */; };
		DD418A91D910E2A75061CB79 /* Pods_MovieAppTask.framework in Frameworks */ = {isa = PBXBuildFile; fileRef = 877781A146D8B0CD27FAA299 /* Pods_MovieAppTask.framework */; };
/* End PBXBuildFile section */

/* Begin PBXContainerItemProxy section */
		9B8153652C5220DE0072283D /* PBXContainerItemProxy */ = {
			isa = PBXContainerItemProxy;
			containerPortal = 9B8153462C5220DA0072283D /* Project object */;
			proxyType = 1;
			remoteGlobalIDString = 9B81534D2C5220DA0072283D;
			remoteInfo = MovieAppTask;
		};
		9B81536F2C5220DE0072283D /* PBXContainerItemProxy */ = {
			isa = PBXContainerItemProxy;
			containerPortal = 9B8153462C5220DA0072283D /* Project object */;
			proxyType = 1;
			remoteGlobalIDString = 9B81534D2C5220DA0072283D;
			remoteInfo = MovieAppTask;
		};
/* End PBXContainerItemProxy section */

/* Begin PBXFileReference section */
		08C3169DA8B51BD886A48F65 /* Pods_MovieAppTask_MovieAppTaskUITests.framework */ = {isa = PBXFileReference; explicitFileType = wrapper.framework; includeInIndex = 0; path = Pods_MovieAppTask_MovieAppTaskUITests.framework; sourceTree = BUILT_PRODUCTS_DIR; };
		0B28D932457584DCBB7812E4 /* Pods-MovieAppTask-MovieAppTaskUITests.release.xcconfig */ = {isa = PBXFileReference; includeInIndex = 1; lastKnownFileType = text.xcconfig; name = "Pods-MovieAppTask-MovieAppTaskUITests.release.xcconfig"; path = "Target Support Files/Pods-MovieAppTask-MovieAppTaskUITests/Pods-MovieAppTask-MovieAppTaskUITests.release.xcconfig"; sourceTree = "<group>"; };
		29EA85F6829D26556BA9261D /* Pods-MovieAppTask-MovieAppTaskUITests.debug.xcconfig */ = {isa = PBXFileReference; includeInIndex = 1; lastKnownFileType = text.xcconfig; name = "Pods-MovieAppTask-MovieAppTaskUITests.debug.xcconfig"; path = "Target Support Files/Pods-MovieAppTask-MovieAppTaskUITests/Pods-MovieAppTask-MovieAppTaskUITests.debug.xcconfig"; sourceTree = "<group>"; };
		35E8BAEED5AA4BF41A1A483F /* Pods-MovieAppTaskTests.release.xcconfig */ = {isa = PBXFileReference; includeInIndex = 1; lastKnownFileType = text.xcconfig; name = "Pods-MovieAppTaskTests.release.xcconfig"; path = "Target Support Files/Pods-MovieAppTaskTests/Pods-MovieAppTaskTests.release.xcconfig"; sourceTree = "<group>"; };
		3E05FE64AFC4A328F2B19141 /* Pods-MovieAppTaskTests.debug.xcconfig */ = {isa = PBXFileReference; includeInIndex = 1; lastKnownFileType = text.xcconfig; name = "Pods-MovieAppTaskTests.debug.xcconfig"; path = "Target Support Files/Pods-MovieAppTaskTests/Pods-MovieAppTaskTests.debug.xcconfig"; sourceTree = "<group>"; };
		877781A146D8B0CD27FAA299 /* Pods_MovieAppTask.framework */ = {isa = PBXFileReference; explicitFileType = wrapper.framework; includeInIndex = 0; path = Pods_MovieAppTask.framework; sourceTree = BUILT_PRODUCTS_DIR; };
		9B36E80E2C52F71A0075B5F8 /* MovieListViewModel.swift */ = {isa = PBXFileReference; lastKnownFileType = sourcecode.swift; path = MovieListViewModel.swift; sourceTree = "<group>"; };
		9B36E8102C52FCD60075B5F8 /* MovieListResponseModel.swift */ = {isa = PBXFileReference; lastKnownFileType = sourcecode.swift; path = MovieListResponseModel.swift; sourceTree = "<group>"; };
		9B3DE4A32C53E2CC0002BEF3 /* Extensions.swift */ = {isa = PBXFileReference; lastKnownFileType = sourcecode.swift; path = Extensions.swift; sourceTree = "<group>"; };
		9B3DE4A52C53E6A50002BEF3 /* NetworkConnectivity.swift */ = {isa = PBXFileReference; lastKnownFileType = sourcecode.swift; path = NetworkConnectivity.swift; sourceTree = "<group>"; };
		9B3DE4A82C53E6FA0002BEF3 /* BaseViewController.swift */ = {isa = PBXFileReference; lastKnownFileType = sourcecode.swift; path = BaseViewController.swift; sourceTree = "<group>"; };
		9B3DE4AA2C53E7BD0002BEF3 /* CustomAlerts.swift */ = {isa = PBXFileReference; lastKnownFileType = sourcecode.swift; path = CustomAlerts.swift; sourceTree = "<group>"; };
		9B3DE4AE2C53EC1D0002BEF3 /* MovieDetailsScreen.swift */ = {isa = PBXFileReference; lastKnownFileType = sourcecode.swift; path = MovieDetailsScreen.swift; sourceTree = "<group>"; };
		9B3DE4B12C53EC2E0002BEF3 /* MovieDetailsViewModel.swift */ = {isa = PBXFileReference; lastKnownFileType = sourcecode.swift; path = MovieDetailsViewModel.swift; sourceTree = "<group>"; };
		9B3DE4B82C53ED1D0002BEF3 /* BaseUseCase.swift */ = {isa = PBXFileReference; lastKnownFileType = sourcecode.swift; path = BaseUseCase.swift; sourceTree = "<group>"; };
		9B3DE4BA2C53ED470002BEF3 /* fetchMoviesUseCase.swift */ = {isa = PBXFileReference; lastKnownFileType = sourcecode.swift; path = fetchMoviesUseCase.swift; sourceTree = "<group>"; };
		9B3DE4BC2C53ED600002BEF3 /* fetchMovieDetailsUseCase.swift */ = {isa = PBXFileReference; lastKnownFileType = sourcecode.swift; path = fetchMovieDetailsUseCase.swift; sourceTree = "<group>"; };
		9B46C8712C5436B800323817 /* GenresCollectionCell.swift */ = {isa = PBXFileReference; lastKnownFileType = sourcecode.swift; path = GenresCollectionCell.swift; sourceTree = "<group>"; };
		9B81534E2C5220DA0072283D /* MovieAppTask.app */ = {isa = PBXFileReference; explicitFileType = wrapper.application; includeInIndex = 0; path = MovieAppTask.app; sourceTree = BUILT_PRODUCTS_DIR; };
		9B8153512C5220DA0072283D /* AppDelegate.swift */ = {isa = PBXFileReference; lastKnownFileType = sourcecode.swift; path = AppDelegate.swift; sourceTree = "<group>"; };
		9B8153532C5220DA0072283D /* SceneDelegate.swift */ = {isa = PBXFileReference; lastKnownFileType = sourcecode.swift; path = SceneDelegate.swift; sourceTree = "<group>"; };
		9B8153582C5220DA0072283D /* Base */ = {isa = PBXFileReference; lastKnownFileType = file.storyboard; name = Base; path = Base.lproj/Main.storyboard; sourceTree = "<group>"; };
		9B81535A2C5220DD0072283D /* Assets.xcassets */ = {isa = PBXFileReference; lastKnownFileType = folder.assetcatalog; path = Assets.xcassets; sourceTree = "<group>"; };
		9B81535D2C5220DD0072283D /* Base */ = {isa = PBXFileReference; lastKnownFileType = file.storyboard; name = Base; path = Base.lproj/LaunchScreen.storyboard; sourceTree = "<group>"; };
		9B81535F2C5220DD0072283D /* Info.plist */ = {isa = PBXFileReference; lastKnownFileType = text.plist.xml; path = Info.plist; sourceTree = "<group>"; };
		9B8153642C5220DE0072283D /* MovieAppTaskTests.xctest */ = {isa = PBXFileReference; explicitFileType = wrapper.cfbundle; includeInIndex = 0; path = MovieAppTaskTests.xctest; sourceTree = BUILT_PRODUCTS_DIR; };
		9B8153682C5220DE0072283D /* MovieAppTaskTests.swift */ = {isa = PBXFileReference; lastKnownFileType = sourcecode.swift; path = MovieAppTaskTests.swift; sourceTree = "<group>"; };
		9B81536E2C5220DE0072283D /* MovieAppTaskUITests.xctest */ = {isa = PBXFileReference; explicitFileType = wrapper.cfbundle; includeInIndex = 0; path = MovieAppTaskUITests.xctest; sourceTree = BUILT_PRODUCTS_DIR; };
		9B8153722C5220DE0072283D /* MovieAppTaskUITests.swift */ = {isa = PBXFileReference; lastKnownFileType = sourcecode.swift; path = MovieAppTaskUITests.swift; sourceTree = "<group>"; };
		9B8153742C5220DE0072283D /* MovieAppTaskUITestsLaunchTests.swift */ = {isa = PBXFileReference; lastKnownFileType = sourcecode.swift; path = MovieAppTaskUITestsLaunchTests.swift; sourceTree = "<group>"; };
		9B81538A2C5225C80072283D /* MovieListVC.swift */ = {isa = PBXFileReference; lastKnownFileType = sourcecode.swift; path = MovieListVC.swift; sourceTree = "<group>"; };
		9B81538C2C522A5E0072283D /* MovieTableViewCell.swift */ = {isa = PBXFileReference; lastKnownFileType = sourcecode.swift; path = MovieTableViewCell.swift; sourceTree = "<group>"; };
		9B81538F2C5231DD0072283D /* MovieModel.swift */ = {isa = PBXFileReference; lastKnownFileType = sourcecode.swift; path = MovieModel.swift; sourceTree = "<group>"; };
		9B8153922C5234950072283D /* Constants.swift */ = {isa = PBXFileReference; lastKnownFileType = sourcecode.swift; path = Constants.swift; sourceTree = "<group>"; };
		9B8153952C5245AE0072283D /* NetworkManager.swift */ = {isa = PBXFileReference; lastKnownFileType = sourcecode.swift; path = NetworkManager.swift; sourceTree = "<group>"; };
		9B8153972C524AF90072283D /* API_Enum.swift */ = {isa = PBXFileReference; lastKnownFileType = sourcecode.swift; path = API_Enum.swift; sourceTree = "<group>"; };
		B6022FC05ABE7B2B02E3F7AD /* Pods-MovieAppTask.debug.xcconfig */ = {isa = PBXFileReference; includeInIndex = 1; lastKnownFileType = text.xcconfig; name = "Pods-MovieAppTask.debug.xcconfig"; path = "Target Support Files/Pods-MovieAppTask/Pods-MovieAppTask.debug.xcconfig"; sourceTree = "<group>"; };
		B98A7BB2C63FA5EFB93DEB61 /* Pods-MovieAppTask.release.xcconfig */ = {isa = PBXFileReference; includeInIndex = 1; lastKnownFileType = text.xcconfig; name = "Pods-MovieAppTask.release.xcconfig"; path = "Target Support Files/Pods-MovieAppTask/Pods-MovieAppTask.release.xcconfig"; sourceTree = "<group>"; };
		DAF62C48BD130EDF4928B09F /* Pods_MovieAppTaskTests.framework */ = {isa = PBXFileReference; explicitFileType = wrapper.framework; includeInIndex = 0; path = Pods_MovieAppTaskTests.framework; sourceTree = BUILT_PRODUCTS_DIR; };
/* End PBXFileReference section */

/* Begin PBXFrameworksBuildPhase section */
		9B81534B2C5220DA0072283D /* Frameworks */ = {
			isa = PBXFrameworksBuildPhase;
			buildActionMask = 2147483647;
			files = (
				DD418A91D910E2A75061CB79 /* Pods_MovieAppTask.framework in Frameworks */,
			);
			runOnlyForDeploymentPostprocessing = 0;
		};
		9B8153612C5220DE0072283D /* Frameworks */ = {
			isa = PBXFrameworksBuildPhase;
			buildActionMask = 2147483647;
			files = (
				133F7CE53A29E1B2F78EDBBE /* Pods_MovieAppTaskTests.framework in Frameworks */,
			);
			runOnlyForDeploymentPostprocessing = 0;
		};
		9B81536B2C5220DE0072283D /* Frameworks */ = {
			isa = PBXFrameworksBuildPhase;
			buildActionMask = 2147483647;
			files = (
				19892D5B740A89B3D1798403 /* Pods_MovieAppTask_MovieAppTaskUITests.framework in Frameworks */,
			);
			runOnlyForDeploymentPostprocessing = 0;
		};
/* End PBXFrameworksBuildPhase section */

/* Begin PBXGroup section */
		4CE8633C7C45CBA38A2D2964 /* Pods */ = {
			isa = PBXGroup;
			children = (
				B6022FC05ABE7B2B02E3F7AD /* Pods-MovieAppTask.debug.xcconfig */,
				B98A7BB2C63FA5EFB93DEB61 /* Pods-MovieAppTask.release.xcconfig */,
				29EA85F6829D26556BA9261D /* Pods-MovieAppTask-MovieAppTaskUITests.debug.xcconfig */,
				0B28D932457584DCBB7812E4 /* Pods-MovieAppTask-MovieAppTaskUITests.release.xcconfig */,
				3E05FE64AFC4A328F2B19141 /* Pods-MovieAppTaskTests.debug.xcconfig */,
				35E8BAEED5AA4BF41A1A483F /* Pods-MovieAppTaskTests.release.xcconfig */,
			);
			path = Pods;
			sourceTree = "<group>";
		};
		7E5FC043EB445C18476178ED /* Frameworks */ = {
			isa = PBXGroup;
			children = (
				877781A146D8B0CD27FAA299 /* Pods_MovieAppTask.framework */,
				08C3169DA8B51BD886A48F65 /* Pods_MovieAppTask_MovieAppTaskUITests.framework */,
				DAF62C48BD130EDF4928B09F /* Pods_MovieAppTaskTests.framework */,
			);
			name = Frameworks;
			sourceTree = "<group>";
		};
		9B3DE4AC2C53EBFC0002BEF3 /* MovieDetailsScreen */ = {
			isa = PBXGroup;
			children = (
				9B3DE4B02C53EC210002BEF3 /* ViewModel */,
				9B3DE4AD2C53EC0F0002BEF3 /* View */,
			);
			path = MovieDetailsScreen;
			sourceTree = "<group>";
		};
		9B3DE4AD2C53EC0F0002BEF3 /* View */ = {
			isa = PBXGroup;
			children = (
				9B46C8702C54369900323817 /* Components */,
				9B3DE4AE2C53EC1D0002BEF3 /* MovieDetailsScreen.swift */,
			);
			path = View;
			sourceTree = "<group>";
		};
		9B3DE4B02C53EC210002BEF3 /* ViewModel */ = {
			isa = PBXGroup;
			children = (
				9B3DE4B12C53EC2E0002BEF3 /* MovieDetailsViewModel.swift */,
			);
			path = ViewModel;
			sourceTree = "<group>";
		};
		9B3DE4B32C53EC490002BEF3 /* ApplicationLayer */ = {
			isa = PBXGroup;
			children = (
				9B8153822C5221180072283D /* SystemFiles */,
				9B8153912C52348B0072283D /* Utils */,
			);
			path = ApplicationLayer;
			sourceTree = "<group>";
		};
		9B3DE4B42C53EC600002BEF3 /* DomainLayer */ = {
			isa = PBXGroup;
			children = (
				9B3DE4BE2C53ED6F0002BEF3 /* model */,
				9B3DE4B72C53ECFC0002BEF3 /* usecases */,
			);
			path = DomainLayer;
			sourceTree = "<group>";
		};
		9B3DE4B52C53EC860002BEF3 /* DataLayer */ = {
			isa = PBXGroup;
			children = (
				9B8153942C5245980072283D /* NetworkManager */,
			);
			path = DataLayer;
			sourceTree = "<group>";
		};
		9B3DE4B62C53EC8D0002BEF3 /* PresentationLayer */ = {
			isa = PBXGroup;
			children = (
				9B3DE4AC2C53EBFC0002BEF3 /* MovieDetailsScreen */,
				9B8153832C52212D0072283D /* MovieListScreen */,
			);
			path = PresentationLayer;
			sourceTree = "<group>";
		};
		9B3DE4B72C53ECFC0002BEF3 /* usecases */ = {
			isa = PBXGroup;
			children = (
				9B3DE4B82C53ED1D0002BEF3 /* BaseUseCase.swift */,
				9B3DE4BA2C53ED470002BEF3 /* fetchMoviesUseCase.swift */,
				9B3DE4BC2C53ED600002BEF3 /* fetchMovieDetailsUseCase.swift */,
			);
			path = usecases;
			sourceTree = "<group>";
		};
		9B3DE4BE2C53ED6F0002BEF3 /* model */ = {
			isa = PBXGroup;
			children = (
				9B81538F2C5231DD0072283D /* MovieModel.swift */,
			);
			path = model;
			sourceTree = "<group>";
		};
		9B46C8702C54369900323817 /* Components */ = {
			isa = PBXGroup;
			children = (
				9B46C8712C5436B800323817 /* GenresCollectionCell.swift */,
			);
			path = Components;
			sourceTree = "<group>";
		};
		9B8153452C5220DA0072283D = {
			isa = PBXGroup;
			children = (
				9B8153502C5220DA0072283D /* MovieAppTask */,
				9B8153672C5220DE0072283D /* MovieAppTaskTests */,
				9B8153712C5220DE0072283D /* MovieAppTaskUITests */,
				9B81534F2C5220DA0072283D /* Products */,
				4CE8633C7C45CBA38A2D2964 /* Pods */,
				7E5FC043EB445C18476178ED /* Frameworks */,
			);
			sourceTree = "<group>";
		};
		9B81534F2C5220DA0072283D /* Products */ = {
			isa = PBXGroup;
			children = (
				9B81534E2C5220DA0072283D /* MovieAppTask.app */,
				9B8153642C5220DE0072283D /* MovieAppTaskTests.xctest */,
				9B81536E2C5220DE0072283D /* MovieAppTaskUITests.xctest */,
			);
			name = Products;
			sourceTree = "<group>";
		};
		9B8153502C5220DA0072283D /* MovieAppTask */ = {
			isa = PBXGroup;
			children = (
				9B3DE4B62C53EC8D0002BEF3 /* PresentationLayer */,
				9B3DE4B52C53EC860002BEF3 /* DataLayer */,
				9B3DE4B42C53EC600002BEF3 /* DomainLayer */,
				9B3DE4B32C53EC490002BEF3 /* ApplicationLayer */,
				9B8153572C5220DA0072283D /* Main.storyboard */,
				9B81535A2C5220DD0072283D /* Assets.xcassets */,
				9B81535C2C5220DD0072283D /* LaunchScreen.storyboard */,
				9B81535F2C5220DD0072283D /* Info.plist */,
			);
			path = MovieAppTask;
			sourceTree = "<group>";
		};
		9B8153672C5220DE0072283D /* MovieAppTaskTests */ = {
			isa = PBXGroup;
			children = (
				9B8153682C5220DE0072283D /* MovieAppTaskTests.swift */,
			);
			path = MovieAppTaskTests;
			sourceTree = "<group>";
		};
		9B8153712C5220DE0072283D /* MovieAppTaskUITests */ = {
			isa = PBXGroup;
			children = (
				9B8153722C5220DE0072283D /* MovieAppTaskUITests.swift */,
				9B8153742C5220DE0072283D /* MovieAppTaskUITestsLaunchTests.swift */,
			);
			path = MovieAppTaskUITests;
			sourceTree = "<group>";
		};
		9B8153822C5221180072283D /* SystemFiles */ = {
			isa = PBXGroup;
			children = (
				9B8153532C5220DA0072283D /* SceneDelegate.swift */,
				9B8153512C5220DA0072283D /* AppDelegate.swift */,
			);
			path = SystemFiles;
			sourceTree = "<group>";
		};
		9B8153832C52212D0072283D /* MovieListScreen */ = {
			isa = PBXGroup;
			children = (
				9B8153852C52213F0072283D /* ViewModel */,
				9B8153842C5221380072283D /* View */,
			);
			path = MovieListScreen;
			sourceTree = "<group>";
		};
		9B8153842C5221380072283D /* View */ = {
			isa = PBXGroup;
			children = (
				9B81538A2C5225C80072283D /* MovieListVC.swift */,
				9B81538C2C522A5E0072283D /* MovieTableViewCell.swift */,
			);
			path = View;
			sourceTree = "<group>";
		};
		9B8153852C52213F0072283D /* ViewModel */ = {
			isa = PBXGroup;
			children = (
				9B36E80E2C52F71A0075B5F8 /* MovieListViewModel.swift */,
			);
			path = ViewModel;
			sourceTree = "<group>";
		};
		9B8153912C52348B0072283D /* Utils */ = {
			isa = PBXGroup;
			children = (
				9B8153922C5234950072283D /* Constants.swift */,
				9B3DE4A32C53E2CC0002BEF3 /* Extensions.swift */,
				9B3DE4A82C53E6FA0002BEF3 /* BaseViewController.swift */,
				9B3DE4AA2C53E7BD0002BEF3 /* CustomAlerts.swift */,
			);
			path = Utils;
			sourceTree = "<group>";
		};
		9B8153942C5245980072283D /* NetworkManager */ = {
			isa = PBXGroup;
			children = (
				9B8153952C5245AE0072283D /* NetworkManager.swift */,
				9B8153972C524AF90072283D /* API_Enum.swift */,
				9B36E8102C52FCD60075B5F8 /* MovieListResponseModel.swift */,
				9B3DE4A52C53E6A50002BEF3 /* NetworkConnectivity.swift */,
			);
			path = NetworkManager;
			sourceTree = "<group>";
		};
/* End PBXGroup section */

/* Begin PBXNativeTarget section */
		9B81534D2C5220DA0072283D /* MovieAppTask */ = {
			isa = PBXNativeTarget;
			buildConfigurationList = 9B8153782C5220DE0072283D /* Build configuration list for PBXNativeTarget "MovieAppTask" */;
			buildPhases = (
				C0DD27AA5E2B8E88AE540723 /* [CP] Check Pods Manifest.lock */,
				9B81534A2C5220DA0072283D /* Sources */,
				9B81534B2C5220DA0072283D /* Frameworks */,
				9B81534C2C5220DA0072283D /* Resources */,
				E400FA36EEE9B4E0C564E397 /* [CP] Embed Pods Frameworks */,
			);
			buildRules = (
			);
			dependencies = (
			);
			name = MovieAppTask;
			productName = MovieAppTask;
			productReference = 9B81534E2C5220DA0072283D /* MovieAppTask.app */;
			productType = "com.apple.product-type.application";
		};
		9B8153632C5220DE0072283D /* MovieAppTaskTests */ = {
			isa = PBXNativeTarget;
			buildConfigurationList = 9B81537B2C5220DE0072283D /* Build configuration list for PBXNativeTarget "MovieAppTaskTests" */;
			buildPhases = (
				5AE595AA364382D65F99D7DE /* [CP] Check Pods Manifest.lock */,
				9B8153602C5220DE0072283D /* Sources */,
				9B8153612C5220DE0072283D /* Frameworks */,
				9B8153622C5220DE0072283D /* Resources */,
			);
			buildRules = (
			);
			dependencies = (
				9B8153662C5220DE0072283D /* PBXTargetDependency */,
			);
			name = MovieAppTaskTests;
			productName = MovieAppTaskTests;
			productReference = 9B8153642C5220DE0072283D /* MovieAppTaskTests.xctest */;
			productType = "com.apple.product-type.bundle.unit-test";
		};
		9B81536D2C5220DE0072283D /* MovieAppTaskUITests */ = {
			isa = PBXNativeTarget;
			buildConfigurationList = 9B81537E2C5220DE0072283D /* Build configuration list for PBXNativeTarget "MovieAppTaskUITests" */;
			buildPhases = (
				2A7C89795524DC95777FAD9F /* [CP] Check Pods Manifest.lock */,
				9B81536A2C5220DE0072283D /* Sources */,
				9B81536B2C5220DE0072283D /* Frameworks */,
				9B81536C2C5220DE0072283D /* Resources */,
				80A182E87BF7A2E5CA81A7D7 /* [CP] Embed Pods Frameworks */,
			);
			buildRules = (
			);
			dependencies = (
				9B8153702C5220DE0072283D /* PBXTargetDependency */,
			);
			name = MovieAppTaskUITests;
			productName = MovieAppTaskUITests;
			productReference = 9B81536E2C5220DE0072283D /* MovieAppTaskUITests.xctest */;
			productType = "com.apple.product-type.bundle.ui-testing";
		};
/* End PBXNativeTarget section */

/* Begin PBXProject section */
		9B8153462C5220DA0072283D /* Project object */ = {
			isa = PBXProject;
			attributes = {
				BuildIndependentTargetsInParallel = 1;
				LastSwiftUpdateCheck = 1540;
				LastUpgradeCheck = 1540;
				TargetAttributes = {
					9B81534D2C5220DA0072283D = {
						CreatedOnToolsVersion = 15.4;
					};
					9B8153632C5220DE0072283D = {
						CreatedOnToolsVersion = 15.4;
						TestTargetID = 9B81534D2C5220DA0072283D;
					};
					9B81536D2C5220DE0072283D = {
						CreatedOnToolsVersion = 15.4;
						TestTargetID = 9B81534D2C5220DA0072283D;
					};
				};
			};
			buildConfigurationList = 9B8153492C5220DA0072283D /* Build configuration list for PBXProject "MovieAppTask" */;
			compatibilityVersion = "Xcode 14.0";
			developmentRegion = en;
			hasScannedForEncodings = 0;
			knownRegions = (
				en,
				Base,
			);
			mainGroup = 9B8153452C5220DA0072283D;
			productRefGroup = 9B81534F2C5220DA0072283D /* Products */;
			projectDirPath = "";
			projectRoot = "";
			targets = (
				9B81534D2C5220DA0072283D /* MovieAppTask */,
				9B8153632C5220DE0072283D /* MovieAppTaskTests */,
				9B81536D2C5220DE0072283D /* MovieAppTaskUITests */,
			);
		};
/* End PBXProject section */

/* Begin PBXResourcesBuildPhase section */
		9B81534C2C5220DA0072283D /* Resources */ = {
			isa = PBXResourcesBuildPhase;
			buildActionMask = 2147483647;
			files = (
				9B81535B2C5220DD0072283D /* Assets.xcassets in Resources */,
				9B81535E2C5220DD0072283D /* Base in Resources */,
				9B8153592C5220DA0072283D /* Base in Resources */,
			);
			runOnlyForDeploymentPostprocessing = 0;
		};
		9B8153622C5220DE0072283D /* Resources */ = {
			isa = PBXResourcesBuildPhase;
			buildActionMask = 2147483647;
			files = (
			);
			runOnlyForDeploymentPostprocessing = 0;
		};
		9B81536C2C5220DE0072283D /* Resources */ = {
			isa = PBXResourcesBuildPhase;
			buildActionMask = 2147483647;
			files = (
			);
			runOnlyForDeploymentPostprocessing = 0;
		};
/* End PBXResourcesBuildPhase section */

/* Begin PBXShellScriptBuildPhase section */
		2A7C89795524DC95777FAD9F /* [CP] Check Pods Manifest.lock */ = {
			isa = PBXShellScriptBuildPhase;
			buildActionMask = 2147483647;
			files = (
			);
			inputFileListPaths = (
			);
			inputPaths = (
				"${PODS_PODFILE_DIR_PATH}/Podfile.lock",
				"${PODS_ROOT}/Manifest.lock",
			);
			name = "[CP] Check Pods Manifest.lock";
			outputFileListPaths = (
			);
			outputPaths = (
				"$(DERIVED_FILE_DIR)/Pods-MovieAppTask-MovieAppTaskUITests-checkManifestLockResult.txt",
			);
			runOnlyForDeploymentPostprocessing = 0;
			shellPath = /bin/sh;
			shellScript = "diff \"${PODS_PODFILE_DIR_PATH}/Podfile.lock\" \"${PODS_ROOT}/Manifest.lock\" > /dev/null\nif [ $? != 0 ] ; then\n    # print error to STDERR\n    echo \"error: The sandbox is not in sync with the Podfile.lock. Run 'pod install' or update your CocoaPods installation.\" >&2\n    exit 1\nfi\n# This output is used by Xcode 'outputs' to avoid re-running this script phase.\necho \"SUCCESS\" > \"${SCRIPT_OUTPUT_FILE_0}\"\n";
			showEnvVarsInLog = 0;
		};
		5AE595AA364382D65F99D7DE /* [CP] Check Pods Manifest.lock */ = {
			isa = PBXShellScriptBuildPhase;
			buildActionMask = 2147483647;
			files = (
			);
			inputFileListPaths = (
			);
			inputPaths = (
				"${PODS_PODFILE_DIR_PATH}/Podfile.lock",
				"${PODS_ROOT}/Manifest.lock",
			);
			name = "[CP] Check Pods Manifest.lock";
			outputFileListPaths = (
			);
			outputPaths = (
				"$(DERIVED_FILE_DIR)/Pods-MovieAppTaskTests-checkManifestLockResult.txt",
			);
			runOnlyForDeploymentPostprocessing = 0;
			shellPath = /bin/sh;
			shellScript = "diff \"${PODS_PODFILE_DIR_PATH}/Podfile.lock\" \"${PODS_ROOT}/Manifest.lock\" > /dev/null\nif [ $? != 0 ] ; then\n    # print error to STDERR\n    echo \"error: The sandbox is not in sync with the Podfile.lock. Run 'pod install' or update your CocoaPods installation.\" >&2\n    exit 1\nfi\n# This output is used by Xcode 'outputs' to avoid re-running this script phase.\necho \"SUCCESS\" > \"${SCRIPT_OUTPUT_FILE_0}\"\n";
			showEnvVarsInLog = 0;
		};
		80A182E87BF7A2E5CA81A7D7 /* [CP] Embed Pods Frameworks */ = {
			isa = PBXShellScriptBuildPhase;
			buildActionMask = 2147483647;
			files = (
			);
			inputFileListPaths = (
				"${PODS_ROOT}/Target Support Files/Pods-MovieAppTask-MovieAppTaskUITests/Pods-MovieAppTask-MovieAppTaskUITests-frameworks-${CONFIGURATION}-input-files.xcfilelist",
			);
			name = "[CP] Embed Pods Frameworks";
			outputFileListPaths = (
				"${PODS_ROOT}/Target Support Files/Pods-MovieAppTask-MovieAppTaskUITests/Pods-MovieAppTask-MovieAppTaskUITests-frameworks-${CONFIGURATION}-output-files.xcfilelist",
			);
			runOnlyForDeploymentPostprocessing = 0;
			shellPath = /bin/sh;
			shellScript = "\"${PODS_ROOT}/Target Support Files/Pods-MovieAppTask-MovieAppTaskUITests/Pods-MovieAppTask-MovieAppTaskUITests-frameworks.sh\"\n";
			showEnvVarsInLog = 0;
		};
		C0DD27AA5E2B8E88AE540723 /* [CP] Check Pods Manifest.lock */ = {
			isa = PBXShellScriptBuildPhase;
			buildActionMask = 2147483647;
			files = (
			);
			inputFileListPaths = (
			);
			inputPaths = (
				"${PODS_PODFILE_DIR_PATH}/Podfile.lock",
				"${PODS_ROOT}/Manifest.lock",
			);
			name = "[CP] Check Pods Manifest.lock";
			outputFileListPaths = (
			);
			outputPaths = (
				"$(DERIVED_FILE_DIR)/Pods-MovieAppTask-checkManifestLockResult.txt",
			);
			runOnlyForDeploymentPostprocessing = 0;
			shellPath = /bin/sh;
			shellScript = "diff \"${PODS_PODFILE_DIR_PATH}/Podfile.lock\" \"${PODS_ROOT}/Manifest.lock\" > /dev/null\nif [ $? != 0 ] ; then\n    # print error to STDERR\n    echo \"error: The sandbox is not in sync with the Podfile.lock. Run 'pod install' or update your CocoaPods installation.\" >&2\n    exit 1\nfi\n# This output is used by Xcode 'outputs' to avoid re-running this script phase.\necho \"SUCCESS\" > \"${SCRIPT_OUTPUT_FILE_0}\"\n";
			showEnvVarsInLog = 0;
		};
		E400FA36EEE9B4E0C564E397 /* [CP] Embed Pods Frameworks */ = {
			isa = PBXShellScriptBuildPhase;
			buildActionMask = 2147483647;
			files = (
			);
			inputFileListPaths = (
				"${PODS_ROOT}/Target Support Files/Pods-MovieAppTask/Pods-MovieAppTask-frameworks-${CONFIGURATION}-input-files.xcfilelist",
			);
			name = "[CP] Embed Pods Frameworks";
			outputFileListPaths = (
				"${PODS_ROOT}/Target Support Files/Pods-MovieAppTask/Pods-MovieAppTask-frameworks-${CONFIGURATION}-output-files.xcfilelist",
			);
			runOnlyForDeploymentPostprocessing = 0;
			shellPath = /bin/sh;
			shellScript = "\"${PODS_ROOT}/Target Support Files/Pods-MovieAppTask/Pods-MovieAppTask-frameworks.sh\"\n";
			showEnvVarsInLog = 0;
		};
/* End PBXShellScriptBuildPhase section */

/* Begin PBXSourcesBuildPhase section */
		9B81534A2C5220DA0072283D /* Sources */ = {
			isa = PBXSourcesBuildPhase;
			buildActionMask = 2147483647;
			files = (
				9B8153902C5231DD0072283D /* MovieModel.swift in Sources */,
				9B3DE4B92C53ED1D0002BEF3 /* BaseUseCase.swift in Sources */,
				9B3DE4AB2C53E7BD0002BEF3 /* CustomAlerts.swift in Sources */,
				9B8153982C524AF90072283D /* API_Enum.swift in Sources */,
				9B81538B2C5225C80072283D /* MovieListVC.swift in Sources */,
				9B81538D2C522A5E0072283D /* MovieTableViewCell.swift in Sources */,
				9B3DE4A92C53E6FA0002BEF3 /* BaseViewController.swift in Sources */,
				9B8153962C5245AE0072283D /* NetworkManager.swift in Sources */,
				9B3DE4A62C53E6A50002BEF3 /* NetworkConnectivity.swift in Sources */,
				9B3DE4B22C53EC2E0002BEF3 /* MovieDetailsViewModel.swift in Sources */,
				9B3DE4AF2C53EC1D0002BEF3 /* MovieDetailsScreen.swift in Sources */,
				9B8153932C5234950072283D /* Constants.swift in Sources */,
				9B3DE4A42C53E2CC0002BEF3 /* Extensions.swift in Sources */,
				9B46C8722C5436B800323817 /* GenresCollectionCell.swift in Sources */,
				9B8153522C5220DA0072283D /* AppDelegate.swift in Sources */,
				9B3DE4BB2C53ED470002BEF3 /* fetchMoviesUseCase.swift in Sources */,
				9B36E8112C52FCD60075B5F8 /* MovieListResponseModel.swift in Sources */,
				9B8153542C5220DA0072283D /* SceneDelegate.swift in Sources */,
				9B3DE4BD2C53ED600002BEF3 /* fetchMovieDetailsUseCase.swift in Sources */,
				9B36E80F2C52F71A0075B5F8 /* MovieListViewModel.swift in Sources */,
			);
			runOnlyForDeploymentPostprocessing = 0;
		};
		9B8153602C5220DE0072283D /* Sources */ = {
			isa = PBXSourcesBuildPhase;
			buildActionMask = 2147483647;
			files = (
				9B8153692C5220DE0072283D /* MovieAppTaskTests.swift in Sources */,
			);
			runOnlyForDeploymentPostprocessing = 0;
		};
		9B81536A2C5220DE0072283D /* Sources */ = {
			isa = PBXSourcesBuildPhase;
			buildActionMask = 2147483647;
			files = (
				9B8153752C5220DE0072283D /* MovieAppTaskUITestsLaunchTests.swift in Sources */,
				9B8153732C5220DE0072283D /* MovieAppTaskUITests.swift in Sources */,
			);
			runOnlyForDeploymentPostprocessing = 0;
		};
/* End PBXSourcesBuildPhase section */

/* Begin PBXTargetDependency section */
		9B8153662C5220DE0072283D /* PBXTargetDependency */ = {
			isa = PBXTargetDependency;
			target = 9B81534D2C5220DA0072283D /* MovieAppTask */;
			targetProxy = 9B8153652C5220DE0072283D /* PBXContainerItemProxy */;
		};
		9B8153702C5220DE0072283D /* PBXTargetDependency */ = {
			isa = PBXTargetDependency;
			target = 9B81534D2C5220DA0072283D /* MovieAppTask */;
			targetProxy = 9B81536F2C5220DE0072283D /* PBXContainerItemProxy */;
		};
/* End PBXTargetDependency section */

/* Begin PBXVariantGroup section */
		9B8153572C5220DA0072283D /* Main.storyboard */ = {
			isa = PBXVariantGroup;
			children = (
				9B8153582C5220DA0072283D /* Base */,
			);
			name = Main.storyboard;
			sourceTree = "<group>";
		};
		9B81535C2C5220DD0072283D /* LaunchScreen.storyboard */ = {
			isa = PBXVariantGroup;
			children = (
				9B81535D2C5220DD0072283D /* Base */,
			);
			name = LaunchScreen.storyboard;
			sourceTree = "<group>";
		};
/* End PBXVariantGroup section */

/* Begin XCBuildConfiguration section */
		9B8153762C5220DE0072283D /* Debug */ = {
			isa = XCBuildConfiguration;
			buildSettings = {
				ALWAYS_SEARCH_USER_PATHS = NO;
				ASSETCATALOG_COMPILER_GENERATE_SWIFT_ASSET_SYMBOL_EXTENSIONS = YES;
				CLANG_ANALYZER_NONNULL = YES;
				CLANG_ANALYZER_NUMBER_OBJECT_CONVERSION = YES_AGGRESSIVE;
				CLANG_CXX_LANGUAGE_STANDARD = "gnu++20";
				CLANG_ENABLE_MODULES = YES;
				CLANG_ENABLE_OBJC_ARC = YES;
				CLANG_ENABLE_OBJC_WEAK = YES;
				CLANG_WARN_BLOCK_CAPTURE_AUTORELEASING = YES;
				CLANG_WARN_BOOL_CONVERSION = YES;
				CLANG_WARN_COMMA = YES;
				CLANG_WARN_CONSTANT_CONVERSION = YES;
				CLANG_WARN_DEPRECATED_OBJC_IMPLEMENTATIONS = YES;
				CLANG_WARN_DIRECT_OBJC_ISA_USAGE = YES_ERROR;
				CLANG_WARN_DOCUMENTATION_COMMENTS = YES;
				CLANG_WARN_EMPTY_BODY = YES;
				CLANG_WARN_ENUM_CONVERSION = YES;
				CLANG_WARN_INFINITE_RECURSION = YES;
				CLANG_WARN_INT_CONVERSION = YES;
				CLANG_WARN_NON_LITERAL_NULL_CONVERSION = YES;
				CLANG_WARN_OBJC_IMPLICIT_RETAIN_SELF = YES;
				CLANG_WARN_OBJC_LITERAL_CONVERSION = YES;
				CLANG_WARN_OBJC_ROOT_CLASS = YES_ERROR;
				CLANG_WARN_QUOTED_INCLUDE_IN_FRAMEWORK_HEADER = YES;
				CLANG_WARN_RANGE_LOOP_ANALYSIS = YES;
				CLANG_WARN_STRICT_PROTOTYPES = YES;
				CLANG_WARN_SUSPICIOUS_MOVE = YES;
				CLANG_WARN_UNGUARDED_AVAILABILITY = YES_AGGRESSIVE;
				CLANG_WARN_UNREACHABLE_CODE = YES;
				CLANG_WARN__DUPLICATE_METHOD_MATCH = YES;
				COPY_PHASE_STRIP = NO;
				DEBUG_INFORMATION_FORMAT = dwarf;
				ENABLE_STRICT_OBJC_MSGSEND = YES;
				ENABLE_TESTABILITY = YES;
				ENABLE_USER_SCRIPT_SANDBOXING = YES;
				GCC_C_LANGUAGE_STANDARD = gnu17;
				GCC_DYNAMIC_NO_PIC = NO;
				GCC_NO_COMMON_BLOCKS = YES;
				GCC_OPTIMIZATION_LEVEL = 0;
				GCC_PREPROCESSOR_DEFINITIONS = (
					"DEBUG=1",
					"$(inherited)",
				);
				GCC_WARN_64_TO_32_BIT_CONVERSION = YES;
				GCC_WARN_ABOUT_RETURN_TYPE = YES_ERROR;
				GCC_WARN_UNDECLARED_SELECTOR = YES;
				GCC_WARN_UNINITIALIZED_AUTOS = YES_AGGRESSIVE;
				GCC_WARN_UNUSED_FUNCTION = YES;
				GCC_WARN_UNUSED_VARIABLE = YES;
				IPHONEOS_DEPLOYMENT_TARGET = 17.5;
				LOCALIZATION_PREFERS_STRING_CATALOGS = YES;
				MTL_ENABLE_DEBUG_INFO = INCLUDE_SOURCE;
				MTL_FAST_MATH = YES;
				ONLY_ACTIVE_ARCH = YES;
				SDKROOT = iphoneos;
				SWIFT_ACTIVE_COMPILATION_CONDITIONS = "DEBUG $(inherited)";
				SWIFT_OPTIMIZATION_LEVEL = "-Onone";
			};
			name = Debug;
		};
		9B8153772C5220DE0072283D /* Release */ = {
			isa = XCBuildConfiguration;
			buildSettings = {
				ALWAYS_SEARCH_USER_PATHS = NO;
				ASSETCATALOG_COMPILER_GENERATE_SWIFT_ASSET_SYMBOL_EXTENSIONS = YES;
				CLANG_ANALYZER_NONNULL = YES;
				CLANG_ANALYZER_NUMBER_OBJECT_CONVERSION = YES_AGGRESSIVE;
				CLANG_CXX_LANGUAGE_STANDARD = "gnu++20";
				CLANG_ENABLE_MODULES = YES;
				CLANG_ENABLE_OBJC_ARC = YES;
				CLANG_ENABLE_OBJC_WEAK = YES;
				CLANG_WARN_BLOCK_CAPTURE_AUTORELEASING = YES;
				CLANG_WARN_BOOL_CONVERSION = YES;
				CLANG_WARN_COMMA = YES;
				CLANG_WARN_CONSTANT_CONVERSION = YES;
				CLANG_WARN_DEPRECATED_OBJC_IMPLEMENTATIONS = YES;
				CLANG_WARN_DIRECT_OBJC_ISA_USAGE = YES_ERROR;
				CLANG_WARN_DOCUMENTATION_COMMENTS = YES;
				CLANG_WARN_EMPTY_BODY = YES;
				CLANG_WARN_ENUM_CONVERSION = YES;
				CLANG_WARN_INFINITE_RECURSION = YES;
				CLANG_WARN_INT_CONVERSION = YES;
				CLANG_WARN_NON_LITERAL_NULL_CONVERSION = YES;
				CLANG_WARN_OBJC_IMPLICIT_RETAIN_SELF = YES;
				CLANG_WARN_OBJC_LITERAL_CONVERSION = YES;
				CLANG_WARN_OBJC_ROOT_CLASS = YES_ERROR;
				CLANG_WARN_QUOTED_INCLUDE_IN_FRAMEWORK_HEADER = YES;
				CLANG_WARN_RANGE_LOOP_ANALYSIS = YES;
				CLANG_WARN_STRICT_PROTOTYPES = YES;
				CLANG_WARN_SUSPICIOUS_MOVE = YES;
				CLANG_WARN_UNGUARDED_AVAILABILITY = YES_AGGRESSIVE;
				CLANG_WARN_UNREACHABLE_CODE = YES;
				CLANG_WARN__DUPLICATE_METHOD_MATCH = YES;
				COPY_PHASE_STRIP = NO;
				DEBUG_INFORMATION_FORMAT = "dwarf-with-dsym";
				ENABLE_NS_ASSERTIONS = NO;
				ENABLE_STRICT_OBJC_MSGSEND = YES;
				ENABLE_USER_SCRIPT_SANDBOXING = YES;
				GCC_C_LANGUAGE_STANDARD = gnu17;
				GCC_NO_COMMON_BLOCKS = YES;
				GCC_WARN_64_TO_32_BIT_CONVERSION = YES;
				GCC_WARN_ABOUT_RETURN_TYPE = YES_ERROR;
				GCC_WARN_UNDECLARED_SELECTOR = YES;
				GCC_WARN_UNINITIALIZED_AUTOS = YES_AGGRESSIVE;
				GCC_WARN_UNUSED_FUNCTION = YES;
				GCC_WARN_UNUSED_VARIABLE = YES;
				IPHONEOS_DEPLOYMENT_TARGET = 17.5;
				LOCALIZATION_PREFERS_STRING_CATALOGS = YES;
				MTL_ENABLE_DEBUG_INFO = NO;
				MTL_FAST_MATH = YES;
				SDKROOT = iphoneos;
				SWIFT_COMPILATION_MODE = wholemodule;
				VALIDATE_PRODUCT = YES;
			};
			name = Release;
		};
		9B8153792C5220DE0072283D /* Debug */ = {
			isa = XCBuildConfiguration;
			baseConfigurationReference = B6022FC05ABE7B2B02E3F7AD /* Pods-MovieAppTask.debug.xcconfig */;
			buildSettings = {
				ASSETCATALOG_COMPILER_APPICON_NAME = AppIcon;
				ASSETCATALOG_COMPILER_GLOBAL_ACCENT_COLOR_NAME = AccentColor;
				CODE_SIGN_IDENTITY = "Apple Development";
				CODE_SIGN_STYLE = Automatic;
				CURRENT_PROJECT_VERSION = 1;
				DEVELOPMENT_TEAM = "";
				ENABLE_USER_SCRIPT_SANDBOXING = NO;
				GENERATE_INFOPLIST_FILE = YES;
				INFOPLIST_FILE = MovieAppTask/Info.plist;
				INFOPLIST_KEY_UIApplicationSupportsIndirectInputEvents = YES;
				INFOPLIST_KEY_UILaunchStoryboardName = LaunchScreen;
				INFOPLIST_KEY_UIMainStoryboardFile = Main;
				INFOPLIST_KEY_UISupportedInterfaceOrientations_iPad = "UIInterfaceOrientationPortrait UIInterfaceOrientationPortraitUpsideDown UIInterfaceOrientationLandscapeLeft UIInterfaceOrientationLandscapeRight";
				INFOPLIST_KEY_UISupportedInterfaceOrientations_iPhone = "UIInterfaceOrientationPortrait UIInterfaceOrientationLandscapeLeft UIInterfaceOrientationLandscapeRight";
				IPHONEOS_DEPLOYMENT_TARGET = 14.0;
				LD_RUNPATH_SEARCH_PATHS = (
					"$(inherited)",
					"@executable_path/Frameworks",
				);
				MARKETING_VERSION = 1.0;
				PRODUCT_BUNDLE_IDENTIFIER = NourAllah.MovieAppTask;
				PRODUCT_NAME = "$(TARGET_NAME)";
				PROVISIONING_PROFILE_SPECIFIER = "";
				SWIFT_EMIT_LOC_STRINGS = YES;
				SWIFT_VERSION = 5.0;
				TARGETED_DEVICE_FAMILY = "1,2";
			};
			name = Debug;
		};
		9B81537A2C5220DE0072283D /* Release */ = {
			isa = XCBuildConfiguration;
			baseConfigurationReference = B98A7BB2C63FA5EFB93DEB61 /* Pods-MovieAppTask.release.xcconfig */;
			buildSettings = {
				ASSETCATALOG_COMPILER_APPICON_NAME = AppIcon;
				ASSETCATALOG_COMPILER_GLOBAL_ACCENT_COLOR_NAME = AccentColor;
				CODE_SIGN_IDENTITY = "Apple Development";
				CODE_SIGN_STYLE = Automatic;
				CURRENT_PROJECT_VERSION = 1;
				DEVELOPMENT_TEAM = "";
				ENABLE_USER_SCRIPT_SANDBOXING = NO;
				GENERATE_INFOPLIST_FILE = YES;
				INFOPLIST_FILE = MovieAppTask/Info.plist;
				INFOPLIST_KEY_UIApplicationSupportsIndirectInputEvents = YES;
				INFOPLIST_KEY_UILaunchStoryboardName = LaunchScreen;
				INFOPLIST_KEY_UIMainStoryboardFile = Main;
				INFOPLIST_KEY_UISupportedInterfaceOrientations_iPad = "UIInterfaceOrientationPortrait UIInterfaceOrientationPortraitUpsideDown UIInterfaceOrientationLandscapeLeft UIInterfaceOrientationLandscapeRight";
				INFOPLIST_KEY_UISupportedInterfaceOrientations_iPhone = "UIInterfaceOrientationPortrait UIInterfaceOrientationLandscapeLeft UIInterfaceOrientationLandscapeRight";
				IPHONEOS_DEPLOYMENT_TARGET = 14.0;
				LD_RUNPATH_SEARCH_PATHS = (
					"$(inherited)",
					"@executable_path/Frameworks",
				);
				MARKETING_VERSION = 1.0;
				PRODUCT_BUNDLE_IDENTIFIER = NourAllah.MovieAppTask;
				PRODUCT_NAME = "$(TARGET_NAME)";
				PROVISIONING_PROFILE_SPECIFIER = "";
				SWIFT_EMIT_LOC_STRINGS = YES;
				SWIFT_VERSION = 5.0;
				TARGETED_DEVICE_FAMILY = "1,2";
			};
			name = Release;
		};
		9B81537C2C5220DE0072283D /* Debug */ = {
			isa = XCBuildConfiguration;
			baseConfigurationReference = 3E05FE64AFC4A328F2B19141 /* Pods-MovieAppTaskTests.debug.xcconfig */;
			buildSettings = {
				ALWAYS_EMBED_SWIFT_STANDARD_LIBRARIES = YES;
				BUNDLE_LOADER = "$(TEST_HOST)";
				CODE_SIGN_STYLE = Automatic;
				CURRENT_PROJECT_VERSION = 1;
				ENABLE_USER_SCRIPT_SANDBOXING = NO;
				GENERATE_INFOPLIST_FILE = YES;
				IPHONEOS_DEPLOYMENT_TARGET = 17.5;
				MARKETING_VERSION = 1.0;
				PRODUCT_BUNDLE_IDENTIFIER = NourAllah.MovieAppTaskTests;
				PRODUCT_NAME = "$(TARGET_NAME)";
				SWIFT_EMIT_LOC_STRINGS = NO;
				SWIFT_VERSION = 5.0;
				TARGETED_DEVICE_FAMILY = "1,2";
				TEST_HOST = "$(BUILT_PRODUCTS_DIR)/MovieAppTask.app/$(BUNDLE_EXECUTABLE_FOLDER_PATH)/MovieAppTask";
			};
			name = Debug;
		};
		9B81537D2C5220DE0072283D /* Release */ = {
			isa = XCBuildConfiguration;
			baseConfigurationReference = 35E8BAEED5AA4BF41A1A483F /* Pods-MovieAppTaskTests.release.xcconfig */;
			buildSettings = {
				ALWAYS_EMBED_SWIFT_STANDARD_LIBRARIES = YES;
				BUNDLE_LOADER = "$(TEST_HOST)";
				CODE_SIGN_STYLE = Automatic;
				CURRENT_PROJECT_VERSION = 1;
				ENABLE_USER_SCRIPT_SANDBOXING = NO;
				GENERATE_INFOPLIST_FILE = YES;
				IPHONEOS_DEPLOYMENT_TARGET = 17.5;
				MARKETING_VERSION = 1.0;
				PRODUCT_BUNDLE_IDENTIFIER = NourAllah.MovieAppTaskTests;
				PRODUCT_NAME = "$(TARGET_NAME)";
				SWIFT_EMIT_LOC_STRINGS = NO;
				SWIFT_VERSION = 5.0;
				TARGETED_DEVICE_FAMILY = "1,2";
				TEST_HOST = "$(BUILT_PRODUCTS_DIR)/MovieAppTask.app/$(BUNDLE_EXECUTABLE_FOLDER_PATH)/MovieAppTask";
			};
			name = Release;
		};
		9B81537F2C5220DE0072283D /* Debug */ = {
			isa = XCBuildConfiguration;
			baseConfigurationReference = 29EA85F6829D26556BA9261D /* Pods-MovieAppTask-MovieAppTaskUITests.debug.xcconfig */;
			buildSettings = {
				ALWAYS_EMBED_SWIFT_STANDARD_LIBRARIES = YES;
				CODE_SIGN_STYLE = Automatic;
				CURRENT_PROJECT_VERSION = 1;
				ENABLE_USER_SCRIPT_SANDBOXING = NO;
				GENERATE_INFOPLIST_FILE = YES;
				MARKETING_VERSION = 1.0;
				PRODUCT_BUNDLE_IDENTIFIER = NourAllah.MovieAppTaskUITests;
				PRODUCT_NAME = "$(TARGET_NAME)";
				SWIFT_EMIT_LOC_STRINGS = NO;
				SWIFT_VERSION = 5.0;
				TARGETED_DEVICE_FAMILY = "1,2";
				TEST_TARGET_NAME = MovieAppTask;
			};
			name = Debug;
		};
		9B8153802C5220DE0072283D /* Release */ = {
			isa = XCBuildConfiguration;
			baseConfigurationReference = 0B28D932457584DCBB7812E4 /* Pods-MovieAppTask-MovieAppTaskUITests.release.xcconfig */;
			buildSettings = {
				ALWAYS_EMBED_SWIFT_STANDARD_LIBRARIES = YES;
				CODE_SIGN_STYLE = Automatic;
				CURRENT_PROJECT_VERSION = 1;
				ENABLE_USER_SCRIPT_SANDBOXING = NO;
				GENERATE_INFOPLIST_FILE = YES;
				MARKETING_VERSION = 1.0;
				PRODUCT_BUNDLE_IDENTIFIER = NourAllah.MovieAppTaskUITests;
				PRODUCT_NAME = "$(TARGET_NAME)";
				SWIFT_EMIT_LOC_STRINGS = NO;
				SWIFT_VERSION = 5.0;
				TARGETED_DEVICE_FAMILY = "1,2";
				TEST_TARGET_NAME = MovieAppTask;
			};
			name = Release;
		};
/* End XCBuildConfiguration section */

/* Begin XCConfigurationList section */
		9B8153492C5220DA0072283D /* Build configuration list for PBXProject "MovieAppTask" */ = {
			isa = XCConfigurationList;
			buildConfigurations = (
				9B8153762C5220DE0072283D /* Debug */,
				9B8153772C5220DE0072283D /* Release */,
			);
			defaultConfigurationIsVisible = 0;
			defaultConfigurationName = Release;
		};
		9B8153782C5220DE0072283D /* Build configuration list for PBXNativeTarget "MovieAppTask" */ = {
			isa = XCConfigurationList;
			buildConfigurations = (
				9B8153792C5220DE0072283D /* Debug */,
				9B81537A2C5220DE0072283D /* Release */,
			);
			defaultConfigurationIsVisible = 0;
			defaultConfigurationName = Release;
		};
		9B81537B2C5220DE0072283D /* Build configuration list for PBXNativeTarget "MovieAppTaskTests" */ = {
			isa = XCConfigurationList;
			buildConfigurations = (
				9B81537C2C5220DE0072283D /* Debug */,
				9B81537D2C5220DE0072283D /* Release */,
			);
			defaultConfigurationIsVisible = 0;
			defaultConfigurationName = Release;
		};
		9B81537E2C5220DE0072283D /* Build configuration list for PBXNativeTarget "MovieAppTaskUITests" */ = {
			isa = XCConfigurationList;
			buildConfigurations = (
				9B81537F2C5220DE0072283D /* Debug */,
				9B8153802C5220DE0072283D /* Release */,
			);
			defaultConfigurationIsVisible = 0;
			defaultConfigurationName = Release;
		};
/* End XCConfigurationList section */
	};
	rootObject = 9B8153462C5220DA0072283D /* Project object */;
}
